
Microsoft Visual Studio Solution File, Format Version 12.00
# Visual Studio Version 17
VisualStudioVersion = 17.0.31919.166
MinimumVisualStudioVersion = 10.0.40219.1
Project("{2150E333-8FDC-42A3-9474-1A3956D46DE8}") = "SampleApp", "SampleApp", "{E498D85D-9E41-4B2E-A0B1-BAAC696D1D60}"
EndProject
Project("{2150E333-8FDC-42A3-9474-1A3956D46DE8}") = "Application", "Application", "{582A744C-28BF-4AD2-9485-597390A53596}"
EndProject
Project("{2150E333-8FDC-42A3-9474-1A3956D46DE8}") = "Domain", "Domain", "{481ED901-0F80-48C0-895A-069F50CB1F1E}"
EndProject
Project("{2150E333-8FDC-42A3-9474-1A3956D46DE8}") = "Infrastructure", "Infrastructure", "{C90D2F43-238F-4264-AFC4-FED54F80E073}"
EndProject
Project("{2150E333-8FDC-42A3-9474-1A3956D46DE8}") = "Test", "Test", "{6A579746-EA50-43BA-891D-9CB90F9426AF}"
EndProject
Project("{9A19103F-16F7-4668-BE54-9A1E7A4F7556}") = "SampleApp.Api", "SampleApp.Api\SampleApp.Api.csproj", "{290DB1B9-6987-4A8A-8FFC-F0221ADE74AD}"
EndProject
Project("{9A19103F-16F7-4668-BE54-9A1E7A4F7556}") = "Application.Services", "Application.Services\Application.Services.csproj", "{4DC084AB-8EFC-4D25-9C6F-2BD83C0CCDBF}"
EndProject
Project("{9A19103F-16F7-4668-BE54-9A1E7A4F7556}") = "Domain.Model", "Domain.Model\Domain.Model.csproj", "{C0603FBD-32A2-4255-A950-18F749D7819F}"
EndProject
Project("{9A19103F-16F7-4668-BE54-9A1E7A4F7556}") = "Infrastructure.Data", "Infrastructure.Data\Infrastructure.Data.csproj", "{9B263AFB-2EA4-429F-AA0C-AD7EF75B3B68}"
EndProject
Project("{9A19103F-16F7-4668-BE54-9A1E7A4F7556}") = "Infrastructure.Repositories", "Infrastructure.Repositories\Infrastructure.Repositories.csproj", "{5D174B14-52B4-46C6-9BF7-32045A703FE5}"
EndProject
Project("{9A19103F-16F7-4668-BE54-9A1E7A4F7556}") = "Test.Unit", "Test.Unit\Test.Unit.csproj", "{6DBF7E20-178D-46E7-9EF1-AB8E60DCEC18}"
EndProject
Project("{9A19103F-16F7-4668-BE54-9A1E7A4F7556}") = "Test.Integration", "Test.Integration\Test.Integration.csproj", "{023E444A-B66B-4D3C-9E93-7670B6F6F4BA}"
EndProject
Project("{9A19103F-16F7-4668-BE54-9A1E7A4F7556}") = "Test.Endpoints", "Test.Endpoints\Test.Endpoints.csproj", "{75F61F55-B332-40E4-B8F1-6786A5940655}"
EndProject
Project("{9A19103F-16F7-4668-BE54-9A1E7A4F7556}") = "SampleApp.Bootstrapper", "SampleApp.Bootstrapper\SampleApp.Bootstrapper.csproj", "{D5E60788-5908-4C75-BA1C-D464DB0BFC49}"
EndProject
Project("{9A19103F-16F7-4668-BE54-9A1E7A4F7556}") = "Domain.Rules", "Domain.Rules\Domain.Rules.csproj", "{793EC02A-1F48-4CDB-8113-456B2191BE1C}"
EndProject
Project("{2150E333-8FDC-42A3-9474-1A3956D46DE8}") = "Solution Items", "Solution Items", "{BC1F72FF-05BB-459F-9999-B17FDDA1DC13}"
	ProjectSection(SolutionItems) = preProject
		.editorconfig = .editorconfig
		build.yml = build.yml
		README.md = README.md
	EndProjectSection
EndProject
Project("{9A19103F-16F7-4668-BE54-9A1E7A4F7556}") = "Application.Contracts", "Application.Contracts\Application.Contracts.csproj", "{2ED60503-3C0D-4853-AA62-B1446F2CF7E4}"
EndProject
Project("{9A19103F-16F7-4668-BE54-9A1E7A4F7556}") = "Domain.Shared", "Domain.Shared\Domain.Shared.csproj", "{37511E4D-8493-4C3E-956A-45D395F48E45}"
EndProject
Project("{2150E333-8FDC-42A3-9474-1A3956D46DE8}") = "Package", "Package", "{1CD5EF60-73A3-44F9-9DF6-0E764A978031}"
EndProject
Project("{9A19103F-16F7-4668-BE54-9A1E7A4F7556}") = "Package.Infrastructure.Data", "Package\Package.Infrastructure.Data\Package.Infrastructure.Data.csproj", "{315B0A35-0B02-4AE7-9F58-A4A8DCCB4AD6}"
EndProject
Project("{9A19103F-16F7-4668-BE54-9A1E7A4F7556}") = "Test.UI", "Test.UI\Test.UI.csproj", "{21F1B5DE-2DAA-4988-99A2-CCEC9EF7F189}"
EndProject
Project("{9A19103F-16F7-4668-BE54-9A1E7A4F7556}") = "Test.SpecFlow.Specs", "Test.SpecFlow.Specs\Test.SpecFlow.Specs.csproj", "{CA31AFBE-48AB-4C6F-A07A-1B2BEB27A1BD}"
EndProject
Project("{9A19103F-16F7-4668-BE54-9A1E7A4F7556}") = "Package.Infrastructure.BackgroundServices", "Package\Package.Infrastructure.BackgroundService\Package.Infrastructure.BackgroundServices.csproj", "{0D94D3C7-0228-4E68-8C67-4FECBCBB3174}"
EndProject
Project("{9A19103F-16F7-4668-BE54-9A1E7A4F7556}") = "Package.Infrastructure.Test.Integration", "Package\Package.Infrastructure.Test.Integration\Package.Infrastructure.Test.Integration.csproj", "{AB7CB23A-B83B-4337-B416-F9A1121DA1CD}"
EndProject
Project("{9A19103F-16F7-4668-BE54-9A1E7A4F7556}") = "Package.Infrastructure.Test.Unit", "Package\Package.Infrastructure.Test.Unit\Package.Infrastructure.Test.Unit.csproj", "{8CBF41E4-62C9-42FD-B9ED-B6285E0BD45C}"
EndProject
Project("{9A19103F-16F7-4668-BE54-9A1E7A4F7556}") = "Test.Support", "Test.Support\Test.Support.csproj", "{2CC7D2C8-BE79-421C-81CE-48A8862EC646}"
EndProject
Project("{9A19103F-16F7-4668-BE54-9A1E7A4F7556}") = "Test.Load", "Test.Load\Test.Load.csproj", "{3249E771-D843-4385-9CBA-8B74AF7345F8}"
EndProject
Project("{2150E333-8FDC-42A3-9474-1A3956D46DE8}") = "Functions", "Functions", "{436E300A-4E49-4325-B54E-F880BD182508}"
EndProject
Project("{9A19103F-16F7-4668-BE54-9A1E7A4F7556}") = "Functions", "Functions\Functions.csproj", "{3C90313C-E955-4F7C-AAF6-7AF97ED18AA7}"
EndProject
Project("{9A19103F-16F7-4668-BE54-9A1E7A4F7556}") = "Test.Benchmarks", "Test.Benchmarks\Test.Benchmarks.csproj", "{8DD1C6FB-FA32-42C3-AD64-FB5C1870EDA8}"
EndProject
Project("{9A19103F-16F7-4668-BE54-9A1E7A4F7556}") = "Package.Infrastructure.Common", "Package\Package.Infrastructure.Common\Package.Infrastructure.Common.csproj", "{112EC86F-D0F1-4EC6-8AC4-172922ABE51E}"
EndProject
Project("{9A19103F-16F7-4668-BE54-9A1E7A4F7556}") = "Package.Infrastructure.Data.Contracts", "Package\Package.Infrastructure.Data.Contracts\Package.Infrastructure.Data.Contracts.csproj", "{E000F31F-8BFB-4E22-8283-C9901A4FB580}"
EndProject
Project("{9A19103F-16F7-4668-BE54-9A1E7A4F7556}") = "Package.Infrastructure.Auth", "Package\Package.Infrastructure.Auth\Package.Infrastructure.Auth.csproj", "{C1C1355E-EFA4-4063-B0CA-E7E099915C5C}"
EndProject
Project("{9A19103F-16F7-4668-BE54-9A1E7A4F7556}") = "Infrastructure.RapidApi", "Infrastructure.RapidApi\Infrastructure.RapidApi.csproj", "{B23825B0-4C3A-4E4F-9162-A41F2A475B33}"
EndProject
Project("{9A19103F-16F7-4668-BE54-9A1E7A4F7556}") = "SampleApp.BackgroundServices", "SampleApp.BackgroundServices\SampleApp.BackgroundServices.csproj", "{3C292A92-C7E9-49C7-AC02-918581147923}"
EndProject
Project("{2150E333-8FDC-42A3-9474-1A3956D46DE8}") = "Worker", "Worker", "{C437D483-567A-4D51-B719-194959357BCB}"
EndProject
Project("{9A19103F-16F7-4668-BE54-9A1E7A4F7556}") = "Worker.Scheduler", "Worker.Scheduler\Worker.Scheduler.csproj", "{50A3488A-2C68-4510-BAA0-826A462D2163}"
EndProject
Project("{9A19103F-16F7-4668-BE54-9A1E7A4F7556}") = "SampleApp.Grpc", "SampleApp.Grpc\SampleApp.Grpc.csproj", "{84CCA1ED-FCB7-4ED4-9409-639E783A1218}"
EndProject
Project("{9A19103F-16F7-4668-BE54-9A1E7A4F7556}") = "Test.Console", "Test.Console\Test.Console.csproj", "{7413BEAA-97FB-4F3C-8ACD-1F5E6EA33E21}"
EndProject
Project("{9A19103F-16F7-4668-BE54-9A1E7A4F7556}") = "Package.Infrastructure.AspNetCore", "Package\Package.Infrastructure.AspNetCore\Package.Infrastructure.AspNetCore.csproj", "{1A0B5224-3E6D-4C41-A169-B1DA92EC4D7C}"
EndProject
Project("{9A19103F-16F7-4668-BE54-9A1E7A4F7556}") = "Package.Infrastructure.CosmosDb", "Package\Package.Infrastructure.CosmosDb\Package.Infrastructure.CosmosDb.csproj", "{B76C09ED-0237-47B3-B413-BAC6BDC1F0D1}"
EndProject
Project("{9A19103F-16F7-4668-BE54-9A1E7A4F7556}") = "Package.Infrastructure.Grpc", "Package\Package.Infrastructure.Grpc\Package.Infrastructure.Grpc.csproj", "{07939FA3-9C8B-49A6-B821-24FD1DBB6038}"
EndProject
Project("{9A19103F-16F7-4668-BE54-9A1E7A4F7556}") = "Package.Infrastructure.OpenAI", "Package\Package.Infrastructure.OpenAI\Package.Infrastructure.OpenAI.csproj", "{8533E86B-FBED-4FD8-8F9C-425A8E776BDC}"
EndProject
Project("{9A19103F-16F7-4668-BE54-9A1E7A4F7556}") = "Package.Infrastructure.Storage", "Package\Package.Infrastructure.Storage\Package.Infrastructure.Storage.csproj", "{6CC18122-1B61-4880-BC2A-9F89E097F8D5}"
EndProject
Project("{9A19103F-16F7-4668-BE54-9A1E7A4F7556}") = "Infrastructure.SampleApi", "Infrastructure.SampleApi\Infrastructure.SampleApi.csproj", "{14A527CB-8061-4E65-8C5F-8047C66A585E}"
EndProject
Project("{9A19103F-16F7-4668-BE54-9A1E7A4F7556}") = "Package.Infrastructure.Messaging", "Package\Package.Infrastructure.Messaging\Package.Infrastructure.Messaging.csproj", "{FE2D3AED-B9A5-441C-824C-19DB4DFEE145}"
EndProject
Project("{9A19103F-16F7-4668-BE54-9A1E7A4F7556}") = "Package.Infrastructure.Table", "Package\Package.Infrastructure.Table\Package.Infrastructure.Table.csproj", "{3A930A9F-7248-41F3-A23A-D8811BCB4A29}"
EndProject
Project("{9A19103F-16F7-4668-BE54-9A1E7A4F7556}") = "Package.Infrastructure.KeyVault", "Package\Package.Infrastructure.KeyVault\Package.Infrastructure.KeyVault.csproj", "{0E39FC7D-1D0C-48C4-BC3B-D56C178D2C8A}"
EndProject
Project("{9A19103F-16F7-4668-BE54-9A1E7A4F7556}") = "Infrastructure.Configuration", "Infrastructure.Configuration\Infrastructure.Configuration.csproj", "{38649064-BD91-48E9-A81F-1E69202F31D6}"
EndProject
Project("{2150E333-8FDC-42A3-9474-1A3956D46DE8}") = "http", "http", "{34AF777A-E561-482E-8119-CEA004087FDF}"
	ProjectSection(SolutionItems) = preProject
		todoitem.http = todoitem.http
	EndProjectSection
EndProject
Project("{9A19103F-16F7-4668-BE54-9A1E7A4F7556}") = "Package.Infrastructure.Cache", "Package\Package.Infrastructure.Cache\Package.Infrastructure.Cache.csproj", "{E83D17EB-32BA-49E2-9E74-4F43A53445B7}"
EndProject
Project("{FAE04EC0-301F-11D3-BF4B-00C04F79EFBC}") = "Test.Architecture", "Test.Architecture\Test.Architecture.csproj", "{4FC0057D-0818-4BD2-8C27-63486324EDA5}"
EndProject
Project("{FAE04EC0-301F-11D3-BF4B-00C04F79EFBC}") = "Package.Infrastructure.Common.Contracts", "Package\Package.Infrastructure.Common.Contracts\Package.Infrastructure.Common.Contracts.csproj", "{323122D5-1083-408F-BBB7-FEB7FC932688}"
EndProject
Global
	GlobalSection(SolutionConfigurationPlatforms) = preSolution
		Debug|Any CPU = Debug|Any CPU
		Release|Any CPU = Release|Any CPU
	EndGlobalSection
	GlobalSection(ProjectConfigurationPlatforms) = postSolution
		{290DB1B9-6987-4A8A-8FFC-F0221ADE74AD}.Debug|Any CPU.ActiveCfg = Debug|Any CPU
		{290DB1B9-6987-4A8A-8FFC-F0221ADE74AD}.Debug|Any CPU.Build.0 = Debug|Any CPU
		{290DB1B9-6987-4A8A-8FFC-F0221ADE74AD}.Release|Any CPU.ActiveCfg = Release|Any CPU
		{290DB1B9-6987-4A8A-8FFC-F0221ADE74AD}.Release|Any CPU.Build.0 = Release|Any CPU
		{4DC084AB-8EFC-4D25-9C6F-2BD83C0CCDBF}.Debug|Any CPU.ActiveCfg = Debug|Any CPU
		{4DC084AB-8EFC-4D25-9C6F-2BD83C0CCDBF}.Debug|Any CPU.Build.0 = Debug|Any CPU
		{4DC084AB-8EFC-4D25-9C6F-2BD83C0CCDBF}.Release|Any CPU.ActiveCfg = Release|Any CPU
		{4DC084AB-8EFC-4D25-9C6F-2BD83C0CCDBF}.Release|Any CPU.Build.0 = Release|Any CPU
		{C0603FBD-32A2-4255-A950-18F749D7819F}.Debug|Any CPU.ActiveCfg = Debug|Any CPU
		{C0603FBD-32A2-4255-A950-18F749D7819F}.Debug|Any CPU.Build.0 = Debug|Any CPU
		{C0603FBD-32A2-4255-A950-18F749D7819F}.Release|Any CPU.ActiveCfg = Release|Any CPU
		{C0603FBD-32A2-4255-A950-18F749D7819F}.Release|Any CPU.Build.0 = Release|Any CPU
		{9B263AFB-2EA4-429F-AA0C-AD7EF75B3B68}.Debug|Any CPU.ActiveCfg = Debug|Any CPU
		{9B263AFB-2EA4-429F-AA0C-AD7EF75B3B68}.Debug|Any CPU.Build.0 = Debug|Any CPU
		{9B263AFB-2EA4-429F-AA0C-AD7EF75B3B68}.Release|Any CPU.ActiveCfg = Release|Any CPU
		{9B263AFB-2EA4-429F-AA0C-AD7EF75B3B68}.Release|Any CPU.Build.0 = Release|Any CPU
		{5D174B14-52B4-46C6-9BF7-32045A703FE5}.Debug|Any CPU.ActiveCfg = Debug|Any CPU
		{5D174B14-52B4-46C6-9BF7-32045A703FE5}.Debug|Any CPU.Build.0 = Debug|Any CPU
		{5D174B14-52B4-46C6-9BF7-32045A703FE5}.Release|Any CPU.ActiveCfg = Release|Any CPU
		{5D174B14-52B4-46C6-9BF7-32045A703FE5}.Release|Any CPU.Build.0 = Release|Any CPU
		{6DBF7E20-178D-46E7-9EF1-AB8E60DCEC18}.Debug|Any CPU.ActiveCfg = Debug|Any CPU
		{6DBF7E20-178D-46E7-9EF1-AB8E60DCEC18}.Debug|Any CPU.Build.0 = Debug|Any CPU
		{6DBF7E20-178D-46E7-9EF1-AB8E60DCEC18}.Release|Any CPU.ActiveCfg = Release|Any CPU
		{6DBF7E20-178D-46E7-9EF1-AB8E60DCEC18}.Release|Any CPU.Build.0 = Release|Any CPU
		{023E444A-B66B-4D3C-9E93-7670B6F6F4BA}.Debug|Any CPU.ActiveCfg = Debug|Any CPU
		{023E444A-B66B-4D3C-9E93-7670B6F6F4BA}.Debug|Any CPU.Build.0 = Debug|Any CPU
		{023E444A-B66B-4D3C-9E93-7670B6F6F4BA}.Release|Any CPU.ActiveCfg = Release|Any CPU
		{023E444A-B66B-4D3C-9E93-7670B6F6F4BA}.Release|Any CPU.Build.0 = Release|Any CPU
		{75F61F55-B332-40E4-B8F1-6786A5940655}.Debug|Any CPU.ActiveCfg = Debug|Any CPU
		{75F61F55-B332-40E4-B8F1-6786A5940655}.Debug|Any CPU.Build.0 = Debug|Any CPU
		{75F61F55-B332-40E4-B8F1-6786A5940655}.Release|Any CPU.ActiveCfg = Release|Any CPU
		{75F61F55-B332-40E4-B8F1-6786A5940655}.Release|Any CPU.Build.0 = Release|Any CPU
		{D5E60788-5908-4C75-BA1C-D464DB0BFC49}.Debug|Any CPU.ActiveCfg = Debug|Any CPU
		{D5E60788-5908-4C75-BA1C-D464DB0BFC49}.Debug|Any CPU.Build.0 = Debug|Any CPU
		{D5E60788-5908-4C75-BA1C-D464DB0BFC49}.Release|Any CPU.ActiveCfg = Release|Any CPU
		{D5E60788-5908-4C75-BA1C-D464DB0BFC49}.Release|Any CPU.Build.0 = Release|Any CPU
		{793EC02A-1F48-4CDB-8113-456B2191BE1C}.Debug|Any CPU.ActiveCfg = Debug|Any CPU
		{793EC02A-1F48-4CDB-8113-456B2191BE1C}.Debug|Any CPU.Build.0 = Debug|Any CPU
		{793EC02A-1F48-4CDB-8113-456B2191BE1C}.Release|Any CPU.ActiveCfg = Release|Any CPU
		{793EC02A-1F48-4CDB-8113-456B2191BE1C}.Release|Any CPU.Build.0 = Release|Any CPU
		{2ED60503-3C0D-4853-AA62-B1446F2CF7E4}.Debug|Any CPU.ActiveCfg = Debug|Any CPU
		{2ED60503-3C0D-4853-AA62-B1446F2CF7E4}.Debug|Any CPU.Build.0 = Debug|Any CPU
		{2ED60503-3C0D-4853-AA62-B1446F2CF7E4}.Release|Any CPU.ActiveCfg = Release|Any CPU
		{2ED60503-3C0D-4853-AA62-B1446F2CF7E4}.Release|Any CPU.Build.0 = Release|Any CPU
		{37511E4D-8493-4C3E-956A-45D395F48E45}.Debug|Any CPU.ActiveCfg = Debug|Any CPU
		{37511E4D-8493-4C3E-956A-45D395F48E45}.Debug|Any CPU.Build.0 = Debug|Any CPU
		{37511E4D-8493-4C3E-956A-45D395F48E45}.Release|Any CPU.ActiveCfg = Release|Any CPU
		{37511E4D-8493-4C3E-956A-45D395F48E45}.Release|Any CPU.Build.0 = Release|Any CPU
		{315B0A35-0B02-4AE7-9F58-A4A8DCCB4AD6}.Debug|Any CPU.ActiveCfg = Debug|Any CPU
		{315B0A35-0B02-4AE7-9F58-A4A8DCCB4AD6}.Debug|Any CPU.Build.0 = Debug|Any CPU
		{315B0A35-0B02-4AE7-9F58-A4A8DCCB4AD6}.Release|Any CPU.ActiveCfg = Release|Any CPU
		{315B0A35-0B02-4AE7-9F58-A4A8DCCB4AD6}.Release|Any CPU.Build.0 = Release|Any CPU
		{21F1B5DE-2DAA-4988-99A2-CCEC9EF7F189}.Debug|Any CPU.ActiveCfg = Debug|Any CPU
		{21F1B5DE-2DAA-4988-99A2-CCEC9EF7F189}.Debug|Any CPU.Build.0 = Debug|Any CPU
		{21F1B5DE-2DAA-4988-99A2-CCEC9EF7F189}.Release|Any CPU.ActiveCfg = Release|Any CPU
		{21F1B5DE-2DAA-4988-99A2-CCEC9EF7F189}.Release|Any CPU.Build.0 = Release|Any CPU
		{CA31AFBE-48AB-4C6F-A07A-1B2BEB27A1BD}.Debug|Any CPU.ActiveCfg = Debug|Any CPU
		{CA31AFBE-48AB-4C6F-A07A-1B2BEB27A1BD}.Debug|Any CPU.Build.0 = Debug|Any CPU
		{CA31AFBE-48AB-4C6F-A07A-1B2BEB27A1BD}.Release|Any CPU.ActiveCfg = Release|Any CPU
		{CA31AFBE-48AB-4C6F-A07A-1B2BEB27A1BD}.Release|Any CPU.Build.0 = Release|Any CPU
		{0D94D3C7-0228-4E68-8C67-4FECBCBB3174}.Debug|Any CPU.ActiveCfg = Debug|Any CPU
		{0D94D3C7-0228-4E68-8C67-4FECBCBB3174}.Debug|Any CPU.Build.0 = Debug|Any CPU
		{0D94D3C7-0228-4E68-8C67-4FECBCBB3174}.Release|Any CPU.ActiveCfg = Release|Any CPU
		{0D94D3C7-0228-4E68-8C67-4FECBCBB3174}.Release|Any CPU.Build.0 = Release|Any CPU
		{AB7CB23A-B83B-4337-B416-F9A1121DA1CD}.Debug|Any CPU.ActiveCfg = Debug|Any CPU
		{AB7CB23A-B83B-4337-B416-F9A1121DA1CD}.Debug|Any CPU.Build.0 = Debug|Any CPU
		{AB7CB23A-B83B-4337-B416-F9A1121DA1CD}.Release|Any CPU.ActiveCfg = Release|Any CPU
		{AB7CB23A-B83B-4337-B416-F9A1121DA1CD}.Release|Any CPU.Build.0 = Release|Any CPU
		{8CBF41E4-62C9-42FD-B9ED-B6285E0BD45C}.Debug|Any CPU.ActiveCfg = Debug|Any CPU
		{8CBF41E4-62C9-42FD-B9ED-B6285E0BD45C}.Debug|Any CPU.Build.0 = Debug|Any CPU
		{8CBF41E4-62C9-42FD-B9ED-B6285E0BD45C}.Release|Any CPU.ActiveCfg = Release|Any CPU
		{8CBF41E4-62C9-42FD-B9ED-B6285E0BD45C}.Release|Any CPU.Build.0 = Release|Any CPU
		{2CC7D2C8-BE79-421C-81CE-48A8862EC646}.Debug|Any CPU.ActiveCfg = Debug|Any CPU
		{2CC7D2C8-BE79-421C-81CE-48A8862EC646}.Debug|Any CPU.Build.0 = Debug|Any CPU
		{2CC7D2C8-BE79-421C-81CE-48A8862EC646}.Release|Any CPU.ActiveCfg = Release|Any CPU
		{2CC7D2C8-BE79-421C-81CE-48A8862EC646}.Release|Any CPU.Build.0 = Release|Any CPU
		{3249E771-D843-4385-9CBA-8B74AF7345F8}.Debug|Any CPU.ActiveCfg = Debug|Any CPU
		{3249E771-D843-4385-9CBA-8B74AF7345F8}.Debug|Any CPU.Build.0 = Debug|Any CPU
		{3249E771-D843-4385-9CBA-8B74AF7345F8}.Release|Any CPU.ActiveCfg = Release|Any CPU
		{3249E771-D843-4385-9CBA-8B74AF7345F8}.Release|Any CPU.Build.0 = Release|Any CPU
		{3C90313C-E955-4F7C-AAF6-7AF97ED18AA7}.Debug|Any CPU.ActiveCfg = Debug|Any CPU
		{3C90313C-E955-4F7C-AAF6-7AF97ED18AA7}.Debug|Any CPU.Build.0 = Debug|Any CPU
		{3C90313C-E955-4F7C-AAF6-7AF97ED18AA7}.Release|Any CPU.ActiveCfg = Release|Any CPU
		{3C90313C-E955-4F7C-AAF6-7AF97ED18AA7}.Release|Any CPU.Build.0 = Release|Any CPU
		{8DD1C6FB-FA32-42C3-AD64-FB5C1870EDA8}.Debug|Any CPU.ActiveCfg = Debug|Any CPU
		{8DD1C6FB-FA32-42C3-AD64-FB5C1870EDA8}.Debug|Any CPU.Build.0 = Debug|Any CPU
		{8DD1C6FB-FA32-42C3-AD64-FB5C1870EDA8}.Release|Any CPU.ActiveCfg = Release|Any CPU
		{8DD1C6FB-FA32-42C3-AD64-FB5C1870EDA8}.Release|Any CPU.Build.0 = Release|Any CPU
		{112EC86F-D0F1-4EC6-8AC4-172922ABE51E}.Debug|Any CPU.ActiveCfg = Debug|Any CPU
		{112EC86F-D0F1-4EC6-8AC4-172922ABE51E}.Debug|Any CPU.Build.0 = Debug|Any CPU
		{112EC86F-D0F1-4EC6-8AC4-172922ABE51E}.Release|Any CPU.ActiveCfg = Release|Any CPU
		{112EC86F-D0F1-4EC6-8AC4-172922ABE51E}.Release|Any CPU.Build.0 = Release|Any CPU
		{E000F31F-8BFB-4E22-8283-C9901A4FB580}.Debug|Any CPU.ActiveCfg = Debug|Any CPU
		{E000F31F-8BFB-4E22-8283-C9901A4FB580}.Debug|Any CPU.Build.0 = Debug|Any CPU
		{E000F31F-8BFB-4E22-8283-C9901A4FB580}.Release|Any CPU.ActiveCfg = Release|Any CPU
		{E000F31F-8BFB-4E22-8283-C9901A4FB580}.Release|Any CPU.Build.0 = Release|Any CPU
		{C1C1355E-EFA4-4063-B0CA-E7E099915C5C}.Debug|Any CPU.ActiveCfg = Debug|Any CPU
		{C1C1355E-EFA4-4063-B0CA-E7E099915C5C}.Debug|Any CPU.Build.0 = Debug|Any CPU
		{C1C1355E-EFA4-4063-B0CA-E7E099915C5C}.Release|Any CPU.ActiveCfg = Release|Any CPU
		{C1C1355E-EFA4-4063-B0CA-E7E099915C5C}.Release|Any CPU.Build.0 = Release|Any CPU
		{B23825B0-4C3A-4E4F-9162-A41F2A475B33}.Debug|Any CPU.ActiveCfg = Debug|Any CPU
		{B23825B0-4C3A-4E4F-9162-A41F2A475B33}.Debug|Any CPU.Build.0 = Debug|Any CPU
		{B23825B0-4C3A-4E4F-9162-A41F2A475B33}.Release|Any CPU.ActiveCfg = Release|Any CPU
		{B23825B0-4C3A-4E4F-9162-A41F2A475B33}.Release|Any CPU.Build.0 = Release|Any CPU
		{3C292A92-C7E9-49C7-AC02-918581147923}.Debug|Any CPU.ActiveCfg = Debug|Any CPU
		{3C292A92-C7E9-49C7-AC02-918581147923}.Debug|Any CPU.Build.0 = Debug|Any CPU
		{3C292A92-C7E9-49C7-AC02-918581147923}.Release|Any CPU.ActiveCfg = Release|Any CPU
		{3C292A92-C7E9-49C7-AC02-918581147923}.Release|Any CPU.Build.0 = Release|Any CPU
		{50A3488A-2C68-4510-BAA0-826A462D2163}.Debug|Any CPU.ActiveCfg = Debug|Any CPU
		{50A3488A-2C68-4510-BAA0-826A462D2163}.Debug|Any CPU.Build.0 = Debug|Any CPU
		{50A3488A-2C68-4510-BAA0-826A462D2163}.Release|Any CPU.ActiveCfg = Release|Any CPU
		{50A3488A-2C68-4510-BAA0-826A462D2163}.Release|Any CPU.Build.0 = Release|Any CPU
		{84CCA1ED-FCB7-4ED4-9409-639E783A1218}.Debug|Any CPU.ActiveCfg = Debug|Any CPU
		{84CCA1ED-FCB7-4ED4-9409-639E783A1218}.Debug|Any CPU.Build.0 = Debug|Any CPU
		{84CCA1ED-FCB7-4ED4-9409-639E783A1218}.Release|Any CPU.ActiveCfg = Release|Any CPU
		{84CCA1ED-FCB7-4ED4-9409-639E783A1218}.Release|Any CPU.Build.0 = Release|Any CPU
		{7413BEAA-97FB-4F3C-8ACD-1F5E6EA33E21}.Debug|Any CPU.ActiveCfg = Debug|Any CPU
		{7413BEAA-97FB-4F3C-8ACD-1F5E6EA33E21}.Debug|Any CPU.Build.0 = Debug|Any CPU
		{7413BEAA-97FB-4F3C-8ACD-1F5E6EA33E21}.Release|Any CPU.ActiveCfg = Release|Any CPU
		{7413BEAA-97FB-4F3C-8ACD-1F5E6EA33E21}.Release|Any CPU.Build.0 = Release|Any CPU
		{1A0B5224-3E6D-4C41-A169-B1DA92EC4D7C}.Debug|Any CPU.ActiveCfg = Debug|Any CPU
		{1A0B5224-3E6D-4C41-A169-B1DA92EC4D7C}.Debug|Any CPU.Build.0 = Debug|Any CPU
		{1A0B5224-3E6D-4C41-A169-B1DA92EC4D7C}.Release|Any CPU.ActiveCfg = Release|Any CPU
		{1A0B5224-3E6D-4C41-A169-B1DA92EC4D7C}.Release|Any CPU.Build.0 = Release|Any CPU
		{B76C09ED-0237-47B3-B413-BAC6BDC1F0D1}.Debug|Any CPU.ActiveCfg = Debug|Any CPU
		{B76C09ED-0237-47B3-B413-BAC6BDC1F0D1}.Debug|Any CPU.Build.0 = Debug|Any CPU
		{B76C09ED-0237-47B3-B413-BAC6BDC1F0D1}.Release|Any CPU.ActiveCfg = Release|Any CPU
		{B76C09ED-0237-47B3-B413-BAC6BDC1F0D1}.Release|Any CPU.Build.0 = Release|Any CPU
		{07939FA3-9C8B-49A6-B821-24FD1DBB6038}.Debug|Any CPU.ActiveCfg = Debug|Any CPU
		{07939FA3-9C8B-49A6-B821-24FD1DBB6038}.Debug|Any CPU.Build.0 = Debug|Any CPU
		{07939FA3-9C8B-49A6-B821-24FD1DBB6038}.Release|Any CPU.ActiveCfg = Release|Any CPU
		{07939FA3-9C8B-49A6-B821-24FD1DBB6038}.Release|Any CPU.Build.0 = Release|Any CPU
		{8533E86B-FBED-4FD8-8F9C-425A8E776BDC}.Debug|Any CPU.ActiveCfg = Debug|Any CPU
		{8533E86B-FBED-4FD8-8F9C-425A8E776BDC}.Debug|Any CPU.Build.0 = Debug|Any CPU
		{8533E86B-FBED-4FD8-8F9C-425A8E776BDC}.Release|Any CPU.ActiveCfg = Release|Any CPU
		{8533E86B-FBED-4FD8-8F9C-425A8E776BDC}.Release|Any CPU.Build.0 = Release|Any CPU
		{6CC18122-1B61-4880-BC2A-9F89E097F8D5}.Debug|Any CPU.ActiveCfg = Debug|Any CPU
		{6CC18122-1B61-4880-BC2A-9F89E097F8D5}.Debug|Any CPU.Build.0 = Debug|Any CPU
		{6CC18122-1B61-4880-BC2A-9F89E097F8D5}.Release|Any CPU.ActiveCfg = Release|Any CPU
		{6CC18122-1B61-4880-BC2A-9F89E097F8D5}.Release|Any CPU.Build.0 = Release|Any CPU
		{14A527CB-8061-4E65-8C5F-8047C66A585E}.Debug|Any CPU.ActiveCfg = Debug|Any CPU
		{14A527CB-8061-4E65-8C5F-8047C66A585E}.Debug|Any CPU.Build.0 = Debug|Any CPU
		{14A527CB-8061-4E65-8C5F-8047C66A585E}.Release|Any CPU.ActiveCfg = Release|Any CPU
		{14A527CB-8061-4E65-8C5F-8047C66A585E}.Release|Any CPU.Build.0 = Release|Any CPU
		{FE2D3AED-B9A5-441C-824C-19DB4DFEE145}.Debug|Any CPU.ActiveCfg = Debug|Any CPU
		{FE2D3AED-B9A5-441C-824C-19DB4DFEE145}.Debug|Any CPU.Build.0 = Debug|Any CPU
		{FE2D3AED-B9A5-441C-824C-19DB4DFEE145}.Release|Any CPU.ActiveCfg = Release|Any CPU
		{FE2D3AED-B9A5-441C-824C-19DB4DFEE145}.Release|Any CPU.Build.0 = Release|Any CPU
		{3A930A9F-7248-41F3-A23A-D8811BCB4A29}.Debug|Any CPU.ActiveCfg = Debug|Any CPU
		{3A930A9F-7248-41F3-A23A-D8811BCB4A29}.Debug|Any CPU.Build.0 = Debug|Any CPU
		{3A930A9F-7248-41F3-A23A-D8811BCB4A29}.Release|Any CPU.ActiveCfg = Release|Any CPU
		{3A930A9F-7248-41F3-A23A-D8811BCB4A29}.Release|Any CPU.Build.0 = Release|Any CPU
		{0E39FC7D-1D0C-48C4-BC3B-D56C178D2C8A}.Debug|Any CPU.ActiveCfg = Debug|Any CPU
		{0E39FC7D-1D0C-48C4-BC3B-D56C178D2C8A}.Debug|Any CPU.Build.0 = Debug|Any CPU
		{0E39FC7D-1D0C-48C4-BC3B-D56C178D2C8A}.Release|Any CPU.ActiveCfg = Release|Any CPU
		{0E39FC7D-1D0C-48C4-BC3B-D56C178D2C8A}.Release|Any CPU.Build.0 = Release|Any CPU
		{38649064-BD91-48E9-A81F-1E69202F31D6}.Debug|Any CPU.ActiveCfg = Debug|Any CPU
		{38649064-BD91-48E9-A81F-1E69202F31D6}.Debug|Any CPU.Build.0 = Debug|Any CPU
		{38649064-BD91-48E9-A81F-1E69202F31D6}.Release|Any CPU.ActiveCfg = Release|Any CPU
		{38649064-BD91-48E9-A81F-1E69202F31D6}.Release|Any CPU.Build.0 = Release|Any CPU
		{E83D17EB-32BA-49E2-9E74-4F43A53445B7}.Debug|Any CPU.ActiveCfg = Debug|Any CPU
		{E83D17EB-32BA-49E2-9E74-4F43A53445B7}.Debug|Any CPU.Build.0 = Debug|Any CPU
		{E83D17EB-32BA-49E2-9E74-4F43A53445B7}.Release|Any CPU.ActiveCfg = Release|Any CPU
		{E83D17EB-32BA-49E2-9E74-4F43A53445B7}.Release|Any CPU.Build.0 = Release|Any CPU
		{4FC0057D-0818-4BD2-8C27-63486324EDA5}.Debug|Any CPU.ActiveCfg = Debug|Any CPU
		{4FC0057D-0818-4BD2-8C27-63486324EDA5}.Debug|Any CPU.Build.0 = Debug|Any CPU
		{4FC0057D-0818-4BD2-8C27-63486324EDA5}.Release|Any CPU.ActiveCfg = Release|Any CPU
		{4FC0057D-0818-4BD2-8C27-63486324EDA5}.Release|Any CPU.Build.0 = Release|Any CPU
		{323122D5-1083-408F-BBB7-FEB7FC932688}.Debug|Any CPU.ActiveCfg = Debug|Any CPU
		{323122D5-1083-408F-BBB7-FEB7FC932688}.Debug|Any CPU.Build.0 = Debug|Any CPU
		{323122D5-1083-408F-BBB7-FEB7FC932688}.Release|Any CPU.ActiveCfg = Release|Any CPU
		{323122D5-1083-408F-BBB7-FEB7FC932688}.Release|Any CPU.Build.0 = Release|Any CPU
	EndGlobalSection
	GlobalSection(SolutionProperties) = preSolution
		HideSolutionNode = FALSE
	EndGlobalSection
	GlobalSection(NestedProjects) = preSolution
		{290DB1B9-6987-4A8A-8FFC-F0221ADE74AD} = {E498D85D-9E41-4B2E-A0B1-BAAC696D1D60}
		{4DC084AB-8EFC-4D25-9C6F-2BD83C0CCDBF} = {582A744C-28BF-4AD2-9485-597390A53596}
		{C0603FBD-32A2-4255-A950-18F749D7819F} = {481ED901-0F80-48C0-895A-069F50CB1F1E}
		{9B263AFB-2EA4-429F-AA0C-AD7EF75B3B68} = {C90D2F43-238F-4264-AFC4-FED54F80E073}
		{5D174B14-52B4-46C6-9BF7-32045A703FE5} = {C90D2F43-238F-4264-AFC4-FED54F80E073}
		{6DBF7E20-178D-46E7-9EF1-AB8E60DCEC18} = {6A579746-EA50-43BA-891D-9CB90F9426AF}
		{023E444A-B66B-4D3C-9E93-7670B6F6F4BA} = {6A579746-EA50-43BA-891D-9CB90F9426AF}
		{75F61F55-B332-40E4-B8F1-6786A5940655} = {6A579746-EA50-43BA-891D-9CB90F9426AF}
		{D5E60788-5908-4C75-BA1C-D464DB0BFC49} = {E498D85D-9E41-4B2E-A0B1-BAAC696D1D60}
		{793EC02A-1F48-4CDB-8113-456B2191BE1C} = {481ED901-0F80-48C0-895A-069F50CB1F1E}
		{2ED60503-3C0D-4853-AA62-B1446F2CF7E4} = {582A744C-28BF-4AD2-9485-597390A53596}
		{37511E4D-8493-4C3E-956A-45D395F48E45} = {481ED901-0F80-48C0-895A-069F50CB1F1E}
		{315B0A35-0B02-4AE7-9F58-A4A8DCCB4AD6} = {1CD5EF60-73A3-44F9-9DF6-0E764A978031}
		{21F1B5DE-2DAA-4988-99A2-CCEC9EF7F189} = {6A579746-EA50-43BA-891D-9CB90F9426AF}
		{CA31AFBE-48AB-4C6F-A07A-1B2BEB27A1BD} = {6A579746-EA50-43BA-891D-9CB90F9426AF}
		{0D94D3C7-0228-4E68-8C67-4FECBCBB3174} = {1CD5EF60-73A3-44F9-9DF6-0E764A978031}
		{AB7CB23A-B83B-4337-B416-F9A1121DA1CD} = {1CD5EF60-73A3-44F9-9DF6-0E764A978031}
		{8CBF41E4-62C9-42FD-B9ED-B6285E0BD45C} = {1CD5EF60-73A3-44F9-9DF6-0E764A978031}
		{2CC7D2C8-BE79-421C-81CE-48A8862EC646} = {6A579746-EA50-43BA-891D-9CB90F9426AF}
		{3249E771-D843-4385-9CBA-8B74AF7345F8} = {6A579746-EA50-43BA-891D-9CB90F9426AF}
		{3C90313C-E955-4F7C-AAF6-7AF97ED18AA7} = {436E300A-4E49-4325-B54E-F880BD182508}
		{8DD1C6FB-FA32-42C3-AD64-FB5C1870EDA8} = {6A579746-EA50-43BA-891D-9CB90F9426AF}
		{112EC86F-D0F1-4EC6-8AC4-172922ABE51E} = {1CD5EF60-73A3-44F9-9DF6-0E764A978031}
		{E000F31F-8BFB-4E22-8283-C9901A4FB580} = {1CD5EF60-73A3-44F9-9DF6-0E764A978031}
		{C1C1355E-EFA4-4063-B0CA-E7E099915C5C} = {1CD5EF60-73A3-44F9-9DF6-0E764A978031}
		{B23825B0-4C3A-4E4F-9162-A41F2A475B33} = {C90D2F43-238F-4264-AFC4-FED54F80E073}
		{3C292A92-C7E9-49C7-AC02-918581147923} = {E498D85D-9E41-4B2E-A0B1-BAAC696D1D60}
		{50A3488A-2C68-4510-BAA0-826A462D2163} = {C437D483-567A-4D51-B719-194959357BCB}
		{84CCA1ED-FCB7-4ED4-9409-639E783A1218} = {E498D85D-9E41-4B2E-A0B1-BAAC696D1D60}
		{7413BEAA-97FB-4F3C-8ACD-1F5E6EA33E21} = {6A579746-EA50-43BA-891D-9CB90F9426AF}
		{1A0B5224-3E6D-4C41-A169-B1DA92EC4D7C} = {1CD5EF60-73A3-44F9-9DF6-0E764A978031}
		{B76C09ED-0237-47B3-B413-BAC6BDC1F0D1} = {1CD5EF60-73A3-44F9-9DF6-0E764A978031}
		{07939FA3-9C8B-49A6-B821-24FD1DBB6038} = {1CD5EF60-73A3-44F9-9DF6-0E764A978031}
		{8533E86B-FBED-4FD8-8F9C-425A8E776BDC} = {1CD5EF60-73A3-44F9-9DF6-0E764A978031}
		{6CC18122-1B61-4880-BC2A-9F89E097F8D5} = {1CD5EF60-73A3-44F9-9DF6-0E764A978031}
		{14A527CB-8061-4E65-8C5F-8047C66A585E} = {C90D2F43-238F-4264-AFC4-FED54F80E073}
		{FE2D3AED-B9A5-441C-824C-19DB4DFEE145} = {1CD5EF60-73A3-44F9-9DF6-0E764A978031}
		{3A930A9F-7248-41F3-A23A-D8811BCB4A29} = {1CD5EF60-73A3-44F9-9DF6-0E764A978031}
		{0E39FC7D-1D0C-48C4-BC3B-D56C178D2C8A} = {1CD5EF60-73A3-44F9-9DF6-0E764A978031}
		{38649064-BD91-48E9-A81F-1E69202F31D6} = {C90D2F43-238F-4264-AFC4-FED54F80E073}
		{34AF777A-E561-482E-8119-CEA004087FDF} = {6A579746-EA50-43BA-891D-9CB90F9426AF}
		{E83D17EB-32BA-49E2-9E74-4F43A53445B7} = {1CD5EF60-73A3-44F9-9DF6-0E764A978031}
		{4FC0057D-0818-4BD2-8C27-63486324EDA5} = {6A579746-EA50-43BA-891D-9CB90F9426AF}
		{323122D5-1083-408F-BBB7-FEB7FC932688} = {1CD5EF60-73A3-44F9-9DF6-0E764A978031}
	EndGlobalSection
	GlobalSection(ExtensibilityGlobals) = postSolution
		SolutionGuid = {744652B5-CD14-47ED-912C-63E1CCEA2108}
	EndGlobalSection
EndGlobal
