
Microsoft Visual Studio Solution File, Format Version 12.00
# Visual Studio Version 17
VisualStudioVersion = 17.0.31919.166
MinimumVisualStudioVersion = 10.0.40219.1
Project("{2150E333-8FDC-42A3-9474-1A3956D46DE8}") = "Api", "Api", "{E498D85D-9E41-4B2E-A0B1-BAAC696D1D60}"
EndProject
Project("{2150E333-8FDC-42A3-9474-1A3956D46DE8}") = "Application", "Application", "{582A744C-28BF-4AD2-9485-597390A53596}"
EndProject
Project("{2150E333-8FDC-42A3-9474-1A3956D46DE8}") = "Domain", "Domain", "{481ED901-0F80-48C0-895A-069F50CB1F1E}"
EndProject
Project("{2150E333-8FDC-42A3-9474-1A3956D46DE8}") = "Infrastructure", "Infrastructure", "{C90D2F43-238F-4264-AFC4-FED54F80E073}"
EndProject
Project("{2150E333-8FDC-42A3-9474-1A3956D46DE8}") = "Test", "Test", "{6A579746-EA50-43BA-891D-9CB90F9426AF}"
EndProject
Project("{9A19103F-16F7-4668-BE54-9A1E7A4F7556}") = "SampleApp.Api", "SampleApp.Api\SampleApp.Api.csproj", "{290DB1B9-6987-4A8A-8FFC-F0221ADE74AD}"
EndProject
Project("{9A19103F-16F7-4668-BE54-9A1E7A4F7556}") = "Application.Services", "Application.Services\Application.Services.csproj", "{4DC084AB-8EFC-4D25-9C6F-2BD83C0CCDBF}"
EndProject
Project("{9A19103F-16F7-4668-BE54-9A1E7A4F7556}") = "Domain.Model", "Domain.Model\Domain.Model.csproj", "{C0603FBD-32A2-4255-A950-18F749D7819F}"
EndProject
Project("{9A19103F-16F7-4668-BE54-9A1E7A4F7556}") = "Infrastructure.Data", "Infrastructure.Data\Infrastructure.Data.csproj", "{9B263AFB-2EA4-429F-AA0C-AD7EF75B3B68}"
EndProject
Project("{9A19103F-16F7-4668-BE54-9A1E7A4F7556}") = "Infrastructure.Repositories", "Infrastructure.Repositories\Infrastructure.Repositories.csproj", "{5D174B14-52B4-46C6-9BF7-32045A703FE5}"
EndProject
Project("{9A19103F-16F7-4668-BE54-9A1E7A4F7556}") = "Test.Unit", "Test.Unit\Test.Unit.csproj", "{6DBF7E20-178D-46E7-9EF1-AB8E60DCEC18}"
EndProject
Project("{9A19103F-16F7-4668-BE54-9A1E7A4F7556}") = "Test.Integration", "Test.Integration\Test.Integration.csproj", "{023E444A-B66B-4D3C-9E93-7670B6F6F4BA}"
EndProject
Project("{9A19103F-16F7-4668-BE54-9A1E7A4F7556}") = "Test.Endpoints", "Test.Endpoints\Test.Endpoints.csproj", "{75F61F55-B332-40E4-B8F1-6786A5940655}"
EndProject
Project("{9A19103F-16F7-4668-BE54-9A1E7A4F7556}") = "SampleApp.Bootstrapper", "SampleApp.Bootstrapper\SampleApp.Bootstrapper.csproj", "{D5E60788-5908-4C75-BA1C-D464DB0BFC49}"
EndProject
Project("{9A19103F-16F7-4668-BE54-9A1E7A4F7556}") = "Domain.Rules", "Domain.Rules\Domain.Rules.csproj", "{793EC02A-1F48-4CDB-8113-456B2191BE1C}"
EndProject
Project("{2150E333-8FDC-42A3-9474-1A3956D46DE8}") = "Solution Items", "Solution Items", "{BC1F72FF-05BB-459F-9999-B17FDDA1DC13}"
	ProjectSection(SolutionItems) = preProject
		.editorconfig = .editorconfig
		build.yml = build.yml
		README.md = README.md
	EndProjectSection
EndProject
Project("{9A19103F-16F7-4668-BE54-9A1E7A4F7556}") = "Application.Contracts", "Application.Contracts\Application.Contracts.csproj", "{2ED60503-3C0D-4853-AA62-B1446F2CF7E4}"
EndProject
Project("{9A19103F-16F7-4668-BE54-9A1E7A4F7556}") = "Domain.Shared", "Domain.Shared\Domain.Shared.csproj", "{37511E4D-8493-4C3E-956A-45D395F48E45}"
EndProject
Project("{2150E333-8FDC-42A3-9474-1A3956D46DE8}") = "Package", "Package", "{1CD5EF60-73A3-44F9-9DF6-0E764A978031}"
EndProject
Project("{9A19103F-16F7-4668-BE54-9A1E7A4F7556}") = "Package.Infrastructure.Utility", "Package\Package.Infrastructure.Utility\Package.Infrastructure.Utility.csproj", "{AE39D07C-44DA-4B4D-9A00-3013B6248F0D}"
EndProject
Project("{9A19103F-16F7-4668-BE54-9A1E7A4F7556}") = "Package.Infrastructure.Data", "Package\Package.Infrastructure.Data\Package.Infrastructure.Data.csproj", "{315B0A35-0B02-4AE7-9F58-A4A8DCCB4AD6}"
EndProject
Project("{9A19103F-16F7-4668-BE54-9A1E7A4F7556}") = "Test.UI", "Test.UI\Test.UI.csproj", "{21F1B5DE-2DAA-4988-99A2-CCEC9EF7F189}"
EndProject
Project("{9A19103F-16F7-4668-BE54-9A1E7A4F7556}") = "Test.SpecFlow.Specs", "Test.SpecFlow.Specs\Test.SpecFlow.Specs.csproj", "{CA31AFBE-48AB-4C6F-A07A-1B2BEB27A1BD}"
EndProject
Project("{9A19103F-16F7-4668-BE54-9A1E7A4F7556}") = "Package.Infrastructure.BackgroundService", "Package\Package.Infrastructure.BackgroundService\Package.Infrastructure.BackgroundService.csproj", "{0D94D3C7-0228-4E68-8C67-4FECBCBB3174}"
EndProject
Project("{9A19103F-16F7-4668-BE54-9A1E7A4F7556}") = "Package.Infrastructure.Test.Integration", "Package\Package.Infrastructure.Test.Integration\Package.Infrastructure.Test.Integration.csproj", "{AB7CB23A-B83B-4337-B416-F9A1121DA1CD}"
EndProject
Project("{9A19103F-16F7-4668-BE54-9A1E7A4F7556}") = "Package.Infrastructure.Test.Unit", "Package\Package.Infrastructure.Test.Unit\Package.Infrastructure.Test.Unit.csproj", "{8CBF41E4-62C9-42FD-B9ED-B6285E0BD45C}"
EndProject
Project("{9A19103F-16F7-4668-BE54-9A1E7A4F7556}") = "Test.Support", "Test.Support\Test.Support.csproj", "{2CC7D2C8-BE79-421C-81CE-48A8862EC646}"
EndProject
Project("{9A19103F-16F7-4668-BE54-9A1E7A4F7556}") = "Test.Load", "Test.Load\Test.Load.csproj", "{3249E771-D843-4385-9CBA-8B74AF7345F8}"
EndProject
Project("{9A19103F-16F7-4668-BE54-9A1E7A4F7556}") = "Package.Infrastructure.Data.Contracts", "Package.Infrastructure.Data.Contracts\Package.Infrastructure.Data.Contracts.csproj", "{38A75EFB-4365-4C50-84B2-AD44A5B73063}"
EndProject
Project("{2150E333-8FDC-42A3-9474-1A3956D46DE8}") = "Functions", "Functions", "{436E300A-4E49-4325-B54E-F880BD182508}"
EndProject
Project("{9A19103F-16F7-4668-BE54-9A1E7A4F7556}") = "Functions", "Functions\Functions.csproj", "{3C90313C-E955-4F7C-AAF6-7AF97ED18AA7}"
EndProject
Project("{9A19103F-16F7-4668-BE54-9A1E7A4F7556}") = "Test.Benchmarks", "Test.Benchmarks\Test.Benchmarks.csproj", "{8DD1C6FB-FA32-42C3-AD64-FB5C1870EDA8}"
EndProject
Global
	GlobalSection(SolutionConfigurationPlatforms) = preSolution
		Debug|Any CPU = Debug|Any CPU
		Release|Any CPU = Release|Any CPU
	EndGlobalSection
	GlobalSection(ProjectConfigurationPlatforms) = postSolution
		{290DB1B9-6987-4A8A-8FFC-F0221ADE74AD}.Debug|Any CPU.ActiveCfg = Debug|Any CPU
		{290DB1B9-6987-4A8A-8FFC-F0221ADE74AD}.Debug|Any CPU.Build.0 = Debug|Any CPU
		{290DB1B9-6987-4A8A-8FFC-F0221ADE74AD}.Release|Any CPU.ActiveCfg = Release|Any CPU
		{290DB1B9-6987-4A8A-8FFC-F0221ADE74AD}.Release|Any CPU.Build.0 = Release|Any CPU
		{4DC084AB-8EFC-4D25-9C6F-2BD83C0CCDBF}.Debug|Any CPU.ActiveCfg = Debug|Any CPU
		{4DC084AB-8EFC-4D25-9C6F-2BD83C0CCDBF}.Debug|Any CPU.Build.0 = Debug|Any CPU
		{4DC084AB-8EFC-4D25-9C6F-2BD83C0CCDBF}.Release|Any CPU.ActiveCfg = Release|Any CPU
		{4DC084AB-8EFC-4D25-9C6F-2BD83C0CCDBF}.Release|Any CPU.Build.0 = Release|Any CPU
		{C0603FBD-32A2-4255-A950-18F749D7819F}.Debug|Any CPU.ActiveCfg = Debug|Any CPU
		{C0603FBD-32A2-4255-A950-18F749D7819F}.Debug|Any CPU.Build.0 = Debug|Any CPU
		{C0603FBD-32A2-4255-A950-18F749D7819F}.Release|Any CPU.ActiveCfg = Release|Any CPU
		{C0603FBD-32A2-4255-A950-18F749D7819F}.Release|Any CPU.Build.0 = Release|Any CPU
		{9B263AFB-2EA4-429F-AA0C-AD7EF75B3B68}.Debug|Any CPU.ActiveCfg = Debug|Any CPU
		{9B263AFB-2EA4-429F-AA0C-AD7EF75B3B68}.Debug|Any CPU.Build.0 = Debug|Any CPU
		{9B263AFB-2EA4-429F-AA0C-AD7EF75B3B68}.Release|Any CPU.ActiveCfg = Release|Any CPU
		{9B263AFB-2EA4-429F-AA0C-AD7EF75B3B68}.Release|Any CPU.Build.0 = Release|Any CPU
		{5D174B14-52B4-46C6-9BF7-32045A703FE5}.Debug|Any CPU.ActiveCfg = Debug|Any CPU
		{5D174B14-52B4-46C6-9BF7-32045A703FE5}.Debug|Any CPU.Build.0 = Debug|Any CPU
		{5D174B14-52B4-46C6-9BF7-32045A703FE5}.Release|Any CPU.ActiveCfg = Release|Any CPU
		{5D174B14-52B4-46C6-9BF7-32045A703FE5}.Release|Any CPU.Build.0 = Release|Any CPU
		{6DBF7E20-178D-46E7-9EF1-AB8E60DCEC18}.Debug|Any CPU.ActiveCfg = Debug|Any CPU
		{6DBF7E20-178D-46E7-9EF1-AB8E60DCEC18}.Debug|Any CPU.Build.0 = Debug|Any CPU
		{6DBF7E20-178D-46E7-9EF1-AB8E60DCEC18}.Release|Any CPU.ActiveCfg = Release|Any CPU
		{6DBF7E20-178D-46E7-9EF1-AB8E60DCEC18}.Release|Any CPU.Build.0 = Release|Any CPU
		{023E444A-B66B-4D3C-9E93-7670B6F6F4BA}.Debug|Any CPU.ActiveCfg = Debug|Any CPU
		{023E444A-B66B-4D3C-9E93-7670B6F6F4BA}.Debug|Any CPU.Build.0 = Debug|Any CPU
		{023E444A-B66B-4D3C-9E93-7670B6F6F4BA}.Release|Any CPU.ActiveCfg = Release|Any CPU
		{023E444A-B66B-4D3C-9E93-7670B6F6F4BA}.Release|Any CPU.Build.0 = Release|Any CPU
		{75F61F55-B332-40E4-B8F1-6786A5940655}.Debug|Any CPU.ActiveCfg = Debug|Any CPU
		{75F61F55-B332-40E4-B8F1-6786A5940655}.Debug|Any CPU.Build.0 = Debug|Any CPU
		{75F61F55-B332-40E4-B8F1-6786A5940655}.Release|Any CPU.ActiveCfg = Release|Any CPU
		{75F61F55-B332-40E4-B8F1-6786A5940655}.Release|Any CPU.Build.0 = Release|Any CPU
		{D5E60788-5908-4C75-BA1C-D464DB0BFC49}.Debug|Any CPU.ActiveCfg = Debug|Any CPU
		{D5E60788-5908-4C75-BA1C-D464DB0BFC49}.Debug|Any CPU.Build.0 = Debug|Any CPU
		{D5E60788-5908-4C75-BA1C-D464DB0BFC49}.Release|Any CPU.ActiveCfg = Release|Any CPU
		{D5E60788-5908-4C75-BA1C-D464DB0BFC49}.Release|Any CPU.Build.0 = Release|Any CPU
		{793EC02A-1F48-4CDB-8113-456B2191BE1C}.Debug|Any CPU.ActiveCfg = Debug|Any CPU
		{793EC02A-1F48-4CDB-8113-456B2191BE1C}.Debug|Any CPU.Build.0 = Debug|Any CPU
		{793EC02A-1F48-4CDB-8113-456B2191BE1C}.Release|Any CPU.ActiveCfg = Release|Any CPU
		{793EC02A-1F48-4CDB-8113-456B2191BE1C}.Release|Any CPU.Build.0 = Release|Any CPU
		{2ED60503-3C0D-4853-AA62-B1446F2CF7E4}.Debug|Any CPU.ActiveCfg = Debug|Any CPU
		{2ED60503-3C0D-4853-AA62-B1446F2CF7E4}.Debug|Any CPU.Build.0 = Debug|Any CPU
		{2ED60503-3C0D-4853-AA62-B1446F2CF7E4}.Release|Any CPU.ActiveCfg = Release|Any CPU
		{2ED60503-3C0D-4853-AA62-B1446F2CF7E4}.Release|Any CPU.Build.0 = Release|Any CPU
		{37511E4D-8493-4C3E-956A-45D395F48E45}.Debug|Any CPU.ActiveCfg = Debug|Any CPU
		{37511E4D-8493-4C3E-956A-45D395F48E45}.Debug|Any CPU.Build.0 = Debug|Any CPU
		{37511E4D-8493-4C3E-956A-45D395F48E45}.Release|Any CPU.ActiveCfg = Release|Any CPU
		{37511E4D-8493-4C3E-956A-45D395F48E45}.Release|Any CPU.Build.0 = Release|Any CPU
		{AE39D07C-44DA-4B4D-9A00-3013B6248F0D}.Debug|Any CPU.ActiveCfg = Debug|Any CPU
		{AE39D07C-44DA-4B4D-9A00-3013B6248F0D}.Debug|Any CPU.Build.0 = Debug|Any CPU
		{AE39D07C-44DA-4B4D-9A00-3013B6248F0D}.Release|Any CPU.ActiveCfg = Release|Any CPU
		{AE39D07C-44DA-4B4D-9A00-3013B6248F0D}.Release|Any CPU.Build.0 = Release|Any CPU
		{315B0A35-0B02-4AE7-9F58-A4A8DCCB4AD6}.Debug|Any CPU.ActiveCfg = Debug|Any CPU
		{315B0A35-0B02-4AE7-9F58-A4A8DCCB4AD6}.Debug|Any CPU.Build.0 = Debug|Any CPU
		{315B0A35-0B02-4AE7-9F58-A4A8DCCB4AD6}.Release|Any CPU.ActiveCfg = Release|Any CPU
		{315B0A35-0B02-4AE7-9F58-A4A8DCCB4AD6}.Release|Any CPU.Build.0 = Release|Any CPU
		{21F1B5DE-2DAA-4988-99A2-CCEC9EF7F189}.Debug|Any CPU.ActiveCfg = Debug|Any CPU
		{21F1B5DE-2DAA-4988-99A2-CCEC9EF7F189}.Debug|Any CPU.Build.0 = Debug|Any CPU
		{21F1B5DE-2DAA-4988-99A2-CCEC9EF7F189}.Release|Any CPU.ActiveCfg = Release|Any CPU
		{21F1B5DE-2DAA-4988-99A2-CCEC9EF7F189}.Release|Any CPU.Build.0 = Release|Any CPU
		{CA31AFBE-48AB-4C6F-A07A-1B2BEB27A1BD}.Debug|Any CPU.ActiveCfg = Debug|Any CPU
		{CA31AFBE-48AB-4C6F-A07A-1B2BEB27A1BD}.Debug|Any CPU.Build.0 = Debug|Any CPU
		{CA31AFBE-48AB-4C6F-A07A-1B2BEB27A1BD}.Release|Any CPU.ActiveCfg = Release|Any CPU
		{CA31AFBE-48AB-4C6F-A07A-1B2BEB27A1BD}.Release|Any CPU.Build.0 = Release|Any CPU
		{0D94D3C7-0228-4E68-8C67-4FECBCBB3174}.Debug|Any CPU.ActiveCfg = Debug|Any CPU
		{0D94D3C7-0228-4E68-8C67-4FECBCBB3174}.Debug|Any CPU.Build.0 = Debug|Any CPU
		{0D94D3C7-0228-4E68-8C67-4FECBCBB3174}.Release|Any CPU.ActiveCfg = Release|Any CPU
		{0D94D3C7-0228-4E68-8C67-4FECBCBB3174}.Release|Any CPU.Build.0 = Release|Any CPU
		{AB7CB23A-B83B-4337-B416-F9A1121DA1CD}.Debug|Any CPU.ActiveCfg = Debug|Any CPU
		{AB7CB23A-B83B-4337-B416-F9A1121DA1CD}.Debug|Any CPU.Build.0 = Debug|Any CPU
		{AB7CB23A-B83B-4337-B416-F9A1121DA1CD}.Release|Any CPU.ActiveCfg = Release|Any CPU
		{AB7CB23A-B83B-4337-B416-F9A1121DA1CD}.Release|Any CPU.Build.0 = Release|Any CPU
		{8CBF41E4-62C9-42FD-B9ED-B6285E0BD45C}.Debug|Any CPU.ActiveCfg = Debug|Any CPU
		{8CBF41E4-62C9-42FD-B9ED-B6285E0BD45C}.Debug|Any CPU.Build.0 = Debug|Any CPU
		{8CBF41E4-62C9-42FD-B9ED-B6285E0BD45C}.Release|Any CPU.ActiveCfg = Release|Any CPU
		{8CBF41E4-62C9-42FD-B9ED-B6285E0BD45C}.Release|Any CPU.Build.0 = Release|Any CPU
		{2CC7D2C8-BE79-421C-81CE-48A8862EC646}.Debug|Any CPU.ActiveCfg = Debug|Any CPU
		{2CC7D2C8-BE79-421C-81CE-48A8862EC646}.Debug|Any CPU.Build.0 = Debug|Any CPU
		{2CC7D2C8-BE79-421C-81CE-48A8862EC646}.Release|Any CPU.ActiveCfg = Release|Any CPU
		{2CC7D2C8-BE79-421C-81CE-48A8862EC646}.Release|Any CPU.Build.0 = Release|Any CPU
		{3249E771-D843-4385-9CBA-8B74AF7345F8}.Debug|Any CPU.ActiveCfg = Debug|Any CPU
		{3249E771-D843-4385-9CBA-8B74AF7345F8}.Debug|Any CPU.Build.0 = Debug|Any CPU
		{3249E771-D843-4385-9CBA-8B74AF7345F8}.Release|Any CPU.ActiveCfg = Release|Any CPU
		{3249E771-D843-4385-9CBA-8B74AF7345F8}.Release|Any CPU.Build.0 = Release|Any CPU
		{38A75EFB-4365-4C50-84B2-AD44A5B73063}.Debug|Any CPU.ActiveCfg = Debug|Any CPU
		{38A75EFB-4365-4C50-84B2-AD44A5B73063}.Debug|Any CPU.Build.0 = Debug|Any CPU
		{38A75EFB-4365-4C50-84B2-AD44A5B73063}.Release|Any CPU.ActiveCfg = Release|Any CPU
		{38A75EFB-4365-4C50-84B2-AD44A5B73063}.Release|Any CPU.Build.0 = Release|Any CPU
		{3C90313C-E955-4F7C-AAF6-7AF97ED18AA7}.Debug|Any CPU.ActiveCfg = Debug|Any CPU
		{3C90313C-E955-4F7C-AAF6-7AF97ED18AA7}.Debug|Any CPU.Build.0 = Debug|Any CPU
		{3C90313C-E955-4F7C-AAF6-7AF97ED18AA7}.Release|Any CPU.ActiveCfg = Release|Any CPU
		{3C90313C-E955-4F7C-AAF6-7AF97ED18AA7}.Release|Any CPU.Build.0 = Release|Any CPU
		{8DD1C6FB-FA32-42C3-AD64-FB5C1870EDA8}.Debug|Any CPU.ActiveCfg = Debug|Any CPU
		{8DD1C6FB-FA32-42C3-AD64-FB5C1870EDA8}.Debug|Any CPU.Build.0 = Debug|Any CPU
		{8DD1C6FB-FA32-42C3-AD64-FB5C1870EDA8}.Release|Any CPU.ActiveCfg = Release|Any CPU
		{8DD1C6FB-FA32-42C3-AD64-FB5C1870EDA8}.Release|Any CPU.Build.0 = Release|Any CPU
	EndGlobalSection
	GlobalSection(SolutionProperties) = preSolution
		HideSolutionNode = FALSE
	EndGlobalSection
	GlobalSection(NestedProjects) = preSolution
		{290DB1B9-6987-4A8A-8FFC-F0221ADE74AD} = {E498D85D-9E41-4B2E-A0B1-BAAC696D1D60}
		{4DC084AB-8EFC-4D25-9C6F-2BD83C0CCDBF} = {582A744C-28BF-4AD2-9485-597390A53596}
		{C0603FBD-32A2-4255-A950-18F749D7819F} = {481ED901-0F80-48C0-895A-069F50CB1F1E}
		{9B263AFB-2EA4-429F-AA0C-AD7EF75B3B68} = {C90D2F43-238F-4264-AFC4-FED54F80E073}
		{5D174B14-52B4-46C6-9BF7-32045A703FE5} = {C90D2F43-238F-4264-AFC4-FED54F80E073}
		{6DBF7E20-178D-46E7-9EF1-AB8E60DCEC18} = {6A579746-EA50-43BA-891D-9CB90F9426AF}
		{023E444A-B66B-4D3C-9E93-7670B6F6F4BA} = {6A579746-EA50-43BA-891D-9CB90F9426AF}
		{75F61F55-B332-40E4-B8F1-6786A5940655} = {6A579746-EA50-43BA-891D-9CB90F9426AF}
		{D5E60788-5908-4C75-BA1C-D464DB0BFC49} = {E498D85D-9E41-4B2E-A0B1-BAAC696D1D60}
		{793EC02A-1F48-4CDB-8113-456B2191BE1C} = {481ED901-0F80-48C0-895A-069F50CB1F1E}
		{2ED60503-3C0D-4853-AA62-B1446F2CF7E4} = {582A744C-28BF-4AD2-9485-597390A53596}
		{37511E4D-8493-4C3E-956A-45D395F48E45} = {481ED901-0F80-48C0-895A-069F50CB1F1E}
		{AE39D07C-44DA-4B4D-9A00-3013B6248F0D} = {1CD5EF60-73A3-44F9-9DF6-0E764A978031}
		{315B0A35-0B02-4AE7-9F58-A4A8DCCB4AD6} = {1CD5EF60-73A3-44F9-9DF6-0E764A978031}
		{21F1B5DE-2DAA-4988-99A2-CCEC9EF7F189} = {6A579746-EA50-43BA-891D-9CB90F9426AF}
		{CA31AFBE-48AB-4C6F-A07A-1B2BEB27A1BD} = {6A579746-EA50-43BA-891D-9CB90F9426AF}
		{0D94D3C7-0228-4E68-8C67-4FECBCBB3174} = {1CD5EF60-73A3-44F9-9DF6-0E764A978031}
		{AB7CB23A-B83B-4337-B416-F9A1121DA1CD} = {1CD5EF60-73A3-44F9-9DF6-0E764A978031}
		{8CBF41E4-62C9-42FD-B9ED-B6285E0BD45C} = {1CD5EF60-73A3-44F9-9DF6-0E764A978031}
		{2CC7D2C8-BE79-421C-81CE-48A8862EC646} = {6A579746-EA50-43BA-891D-9CB90F9426AF}
		{3249E771-D843-4385-9CBA-8B74AF7345F8} = {6A579746-EA50-43BA-891D-9CB90F9426AF}
		{38A75EFB-4365-4C50-84B2-AD44A5B73063} = {1CD5EF60-73A3-44F9-9DF6-0E764A978031}
		{3C90313C-E955-4F7C-AAF6-7AF97ED18AA7} = {436E300A-4E49-4325-B54E-F880BD182508}
		{8DD1C6FB-FA32-42C3-AD64-FB5C1870EDA8} = {6A579746-EA50-43BA-891D-9CB90F9426AF}
	EndGlobalSection
	GlobalSection(ExtensibilityGlobals) = postSolution
		SolutionGuid = {744652B5-CD14-47ED-912C-63E1CCEA2108}
	EndGlobalSection
EndGlobal
